
Microsoft Visual Studio Solution File, Format Version 12.00
# Visual Studio Version 17
VisualStudioVersion = 17.2.32616.157
MinimumVisualStudioVersion = 10.0.40219.1
Project("{FAE04EC0-301F-11D3-BF4B-00C04F79EFBC}") = "Language Translator", "Language Translator\Language Translator.csproj", "{074EF545-8221-41BC-B972-15641EAB39E7}"
EndProject
Global
	GlobalSection(SolutionConfigurationPlatforms) = preSolution
		Debug|Any CPU = Debug|Any CPU
		Release|Any CPU = Release|Any CPU
	EndGlobalSection
	GlobalSection(ProjectConfigurationPlatforms) = postSolution
		{074EF545-8221-41BC-B972-15641EAB39E7}.Debug|Any CPU.ActiveCfg = Debug|Any CPU
		{074EF545-8221-41BC-B972-15641EAB39E7}.Debug|Any CPU.Build.0 = Debug|Any CPU
		{074EF545-8221-41BC-B972-15641EAB39E7}.Release|Any CPU.ActiveCfg = Release|Any CPU
		{074EF545-8221-41BC-B972-15641EAB39E7}.Release|Any CPU.Build.0 = Release|Any CPU
	EndGlobalSection
	GlobalSection(SolutionProperties) = preSolution
		HideSolutionNode = FALSE
	EndGlobalSection
	GlobalSection(ExtensibilityGlobals) = postSolution
		SolutionGuid = {4B0B4511-9170-454F-854E-734E70D65CF4}
	EndGlobalSection
EndGlobal
